
Microsoft Visual Studio Solution File, Format Version 12.00
# Visual Studio Version 16
VisualStudioVersion = 16.0.31702.278
MinimumVisualStudioVersion = 10.0.40219.1
Project("{FAE04EC0-301F-11D3-BF4B-00C04F79EFBC}") = "BlogApp", "BlogApp\BlogApp.csproj", "{55452C04-273D-43CE-BD43-EAF877404589}"
EndProject
Project("{FAE04EC0-301F-11D3-BF4B-00C04F79EFBC}") = "EntityLayer", "EntityLayer\EntityLayer.csproj", "{44E2C9BB-A863-4D56-8F17-5AA13D20A828}"
EndProject
Project("{FAE04EC0-301F-11D3-BF4B-00C04F79EFBC}") = "DataAccessLayer", "DataAccessLayer\DataAccessLayer.csproj", "{54F38189-5D72-47A0-83A7-D50CAD6A59EB}"
EndProject
Project("{FAE04EC0-301F-11D3-BF4B-00C04F79EFBC}") = "BusinessLayer", "BusinessLayer\BusinessLayer.csproj", "{BC1CCEEB-7738-4D5B-B9E7-E99F97C570A8}"
EndProject
Project("{FAE04EC0-301F-11D3-BF4B-00C04F79EFBC}") = "CoreLayer", "CoreLayer\CoreLayer.csproj", "{F0C3B249-90E3-4389-817B-5299F1B25C34}"
EndProject
Global
	GlobalSection(SolutionConfigurationPlatforms) = preSolution
		Debug|Any CPU = Debug|Any CPU
		Release|Any CPU = Release|Any CPU
	EndGlobalSection
	GlobalSection(ProjectConfigurationPlatforms) = postSolution
		{55452C04-273D-43CE-BD43-EAF877404589}.Debug|Any CPU.ActiveCfg = Debug|Any CPU
		{55452C04-273D-43CE-BD43-EAF877404589}.Debug|Any CPU.Build.0 = Debug|Any CPU
		{55452C04-273D-43CE-BD43-EAF877404589}.Release|Any CPU.ActiveCfg = Release|Any CPU
		{55452C04-273D-43CE-BD43-EAF877404589}.Release|Any CPU.Build.0 = Release|Any CPU
		{44E2C9BB-A863-4D56-8F17-5AA13D20A828}.Debug|Any CPU.ActiveCfg = Debug|Any CPU
		{44E2C9BB-A863-4D56-8F17-5AA13D20A828}.Debug|Any CPU.Build.0 = Debug|Any CPU
		{44E2C9BB-A863-4D56-8F17-5AA13D20A828}.Release|Any CPU.ActiveCfg = Release|Any CPU
		{44E2C9BB-A863-4D56-8F17-5AA13D20A828}.Release|Any CPU.Build.0 = Release|Any CPU
		{54F38189-5D72-47A0-83A7-D50CAD6A59EB}.Debug|Any CPU.ActiveCfg = Debug|Any CPU
		{54F38189-5D72-47A0-83A7-D50CAD6A59EB}.Debug|Any CPU.Build.0 = Debug|Any CPU
		{54F38189-5D72-47A0-83A7-D50CAD6A59EB}.Release|Any CPU.ActiveCfg = Release|Any CPU
		{54F38189-5D72-47A0-83A7-D50CAD6A59EB}.Release|Any CPU.Build.0 = Release|Any CPU
		{BC1CCEEB-7738-4D5B-B9E7-E99F97C570A8}.Debug|Any CPU.ActiveCfg = Debug|Any CPU
		{BC1CCEEB-7738-4D5B-B9E7-E99F97C570A8}.Debug|Any CPU.Build.0 = Debug|Any CPU
		{BC1CCEEB-7738-4D5B-B9E7-E99F97C570A8}.Release|Any CPU.ActiveCfg = Release|Any CPU
		{BC1CCEEB-7738-4D5B-B9E7-E99F97C570A8}.Release|Any CPU.Build.0 = Release|Any CPU
		{F0C3B249-90E3-4389-817B-5299F1B25C34}.Debug|Any CPU.ActiveCfg = Debug|Any CPU
		{F0C3B249-90E3-4389-817B-5299F1B25C34}.Debug|Any CPU.Build.0 = Debug|Any CPU
		{F0C3B249-90E3-4389-817B-5299F1B25C34}.Release|Any CPU.ActiveCfg = Release|Any CPU
		{F0C3B249-90E3-4389-817B-5299F1B25C34}.Release|Any CPU.Build.0 = Release|Any CPU
	EndGlobalSection
	GlobalSection(SolutionProperties) = preSolution
		HideSolutionNode = FALSE
	EndGlobalSection
	GlobalSection(ExtensibilityGlobals) = postSolution
		SolutionGuid = {938B038C-DA6B-4B25-A868-95B39966B738}
	EndGlobalSection
EndGlobal
